
Microsoft Visual Studio Solution File, Format Version 12.00
# Visual Studio Version 16
VisualStudioVersion = 16.0.30717.126
MinimumVisualStudioVersion = 10.0.40219.1
Project("{8BC9CEB8-8B4A-11D0-8D11-00A0C91BC942}") = "Count", "Count\Count.vcxproj", "{8937ED59-68CB-4897-9AE6-00321A5FEA87}"
EndProject
Project("{8BC9CEB8-8B4A-11D0-8D11-00A0C91BC942}") = "InverseSentence", "InverseSentence\InverseSentence.vcxproj", "{E450920C-E340-430F-BFE2-B2887D2D7E53}"
EndProject
Project("{8BC9CEB8-8B4A-11D0-8D11-00A0C91BC942}") = "Reorder", "Reorder\Reorder.vcxproj", "{2ADCCA8F-293D-4574-BA91-F68192B1550E}"
EndProject
Project("{8BC9CEB8-8B4A-11D0-8D11-00A0C91BC942}") = "Strstr", "Strstr\Strstr.vcxproj", "{2C128D95-DD27-4D53-8878-5F17980220B7}"
EndProject
Project("{8BC9CEB8-8B4A-11D0-8D11-00A0C91BC942}") = "Caps", "Caps\Caps.vcxproj", "{02A44CAA-1223-4035-BF9E-C43E15D2595C}"
EndProject
Global
	GlobalSection(SolutionConfigurationPlatforms) = preSolution
		Debug|x64 = Debug|x64
		Debug|x86 = Debug|x86
		Release|x64 = Release|x64
		Release|x86 = Release|x86
	EndGlobalSection
	GlobalSection(ProjectConfigurationPlatforms) = postSolution
		{8937ED59-68CB-4897-9AE6-00321A5FEA87}.Debug|x64.ActiveCfg = Debug|x64
		{8937ED59-68CB-4897-9AE6-00321A5FEA87}.Debug|x64.Build.0 = Debug|x64
		{8937ED59-68CB-4897-9AE6-00321A5FEA87}.Debug|x86.ActiveCfg = Debug|Win32
		{8937ED59-68CB-4897-9AE6-00321A5FEA87}.Debug|x86.Build.0 = Debug|Win32
		{8937ED59-68CB-4897-9AE6-00321A5FEA87}.Release|x64.ActiveCfg = Release|x64
		{8937ED59-68CB-4897-9AE6-00321A5FEA87}.Release|x64.Build.0 = Release|x64
		{8937ED59-68CB-4897-9AE6-00321A5FEA87}.Release|x86.ActiveCfg = Release|Win32
		{8937ED59-68CB-4897-9AE6-00321A5FEA87}.Release|x86.Build.0 = Release|Win32
		{E450920C-E340-430F-BFE2-B2887D2D7E53}.Debug|x64.ActiveCfg = Debug|x64
		{E450920C-E340-430F-BFE2-B2887D2D7E53}.Debug|x64.Build.0 = Debug|x64
		{E450920C-E340-430F-BFE2-B2887D2D7E53}.Debug|x86.ActiveCfg = Debug|Win32
		{E450920C-E340-430F-BFE2-B2887D2D7E53}.Debug|x86.Build.0 = Debug|Win32
		{E450920C-E340-430F-BFE2-B2887D2D7E53}.Release|x64.ActiveCfg = Release|x64
		{E450920C-E340-430F-BFE2-B2887D2D7E53}.Release|x64.Build.0 = Release|x64
		{E450920C-E340-430F-BFE2-B2887D2D7E53}.Release|x86.ActiveCfg = Release|Win32
		{E450920C-E340-430F-BFE2-B2887D2D7E53}.Release|x86.Build.0 = Release|Win32
		{2ADCCA8F-293D-4574-BA91-F68192B1550E}.Debug|x64.ActiveCfg = Debug|x64
		{2ADCCA8F-293D-4574-BA91-F68192B1550E}.Debug|x64.Build.0 = Debug|x64
		{2ADCCA8F-293D-4574-BA91-F68192B1550E}.Debug|x86.ActiveCfg = Debug|Win32
		{2ADCCA8F-293D-4574-BA91-F68192B1550E}.Debug|x86.Build.0 = Debug|Win32
		{2ADCCA8F-293D-4574-BA91-F68192B1550E}.Release|x64.ActiveCfg = Release|x64
		{2ADCCA8F-293D-4574-BA91-F68192B1550E}.Release|x64.Build.0 = Release|x64
		{2ADCCA8F-293D-4574-BA91-F68192B1550E}.Release|x86.ActiveCfg = Release|Win32
		{2ADCCA8F-293D-4574-BA91-F68192B1550E}.Release|x86.Build.0 = Release|Win32
		{2C128D95-DD27-4D53-8878-5F17980220B7}.Debug|x64.ActiveCfg = Debug|x64
		{2C128D95-DD27-4D53-8878-5F17980220B7}.Debug|x64.Build.0 = Debug|x64
		{2C128D95-DD27-4D53-8878-5F17980220B7}.Debug|x86.ActiveCfg = Debug|Win32
		{2C128D95-DD27-4D53-8878-5F17980220B7}.Debug|x86.Build.0 = Debug|Win32
		{2C128D95-DD27-4D53-8878-5F17980220B7}.Release|x64.ActiveCfg = Release|x64
		{2C128D95-DD27-4D53-8878-5F17980220B7}.Release|x64.Build.0 = Release|x64
		{2C128D95-DD27-4D53-8878-5F17980220B7}.Release|x86.ActiveCfg = Release|Win32
		{2C128D95-DD27-4D53-8878-5F17980220B7}.Release|x86.Build.0 = Release|Win32
		{02A44CAA-1223-4035-BF9E-C43E15D2595C}.Debug|x64.ActiveCfg = Debug|x64
		{02A44CAA-1223-4035-BF9E-C43E15D2595C}.Debug|x64.Build.0 = Debug|x64
		{02A44CAA-1223-4035-BF9E-C43E15D2595C}.Debug|x86.ActiveCfg = Debug|Win32
		{02A44CAA-1223-4035-BF9E-C43E15D2595C}.Debug|x86.Build.0 = Debug|Win32
		{02A44CAA-1223-4035-BF9E-C43E15D2595C}.Release|x64.ActiveCfg = Release|x64
		{02A44CAA-1223-4035-BF9E-C43E15D2595C}.Release|x64.Build.0 = Release|x64
		{02A44CAA-1223-4035-BF9E-C43E15D2595C}.Release|x86.ActiveCfg = Release|Win32
		{02A44CAA-1223-4035-BF9E-C43E15D2595C}.Release|x86.Build.0 = Release|Win32
	EndGlobalSection
	GlobalSection(SolutionProperties) = preSolution
		HideSolutionNode = FALSE
	EndGlobalSection
	GlobalSection(ExtensibilityGlobals) = postSolution
		SolutionGuid = {C293E5D5-A004-41B0-925E-26D3BCCBD6A9}
	EndGlobalSection
EndGlobal
